Microsoft Visual Studio Solution File, Format Version 12.00
# Visual Studio Version 16
VisualStudioVersion = 16.0.31613.86
MinimumVisualStudioVersion = 10.0.40219.1
Project("{9A19103F-16F7-4668-BE54-9A1E7A4F7556}") = "TemperatureExceptions", "TemperatureExceptions\TemperatureExceptions.csproj", "{54D0743B-BE90-4785-9757-181B4BED9BBB}"
EndProject
Project("{2150E333-8FDC-42A3-9474-1A3956D46DE8}") = "csharp-web-dev-exceptions", "csharp-web-dev-exceptions", "{8FAE07CE-0D3C-42FB-8861-4BA96F38D65B}"
EndProject
Project("{9A19103F-16F7-4668-BE54-9A1E7A4F7556}") = "Unit1-TempExceptions", "Unit1-TempExceptions\Unit1-TempExceptions\Unit1-TempExceptions.csproj", "{172DC0C4-1713-4A5A-B4CA-446D61F5063D}"
EndProject
Project("{9A19103F-16F7-4668-BE54-9A1E7A4F7556}") = "csharp-web-dev-exceptions", "csharp-web-dev-exceptions\csharp-web-dev-exceptions.csproj", "{853F70C5-E777-4C3B-84B0-B13A14F05F58}"
EndProject
Global
	GlobalSection(SolutionConfigurationPlatforms) = preSolution
		Debug|Any CPU = Debug|Any CPU
		Default|Any CPU = Default|Any CPU
		Release|Any CPU = Release|Any CPU
	EndGlobalSection
	GlobalSection(ProjectConfigurationPlatforms) = postSolution
		{54D0743B-BE90-4785-9757-181B4BED9BBB}.Debug|Any CPU.ActiveCfg = Debug|Any CPU
		{54D0743B-BE90-4785-9757-181B4BED9BBB}.Debug|Any CPU.Build.0 = Debug|Any CPU
		{54D0743B-BE90-4785-9757-181B4BED9BBB}.Default|Any CPU.ActiveCfg = Debug|Any CPU
		{54D0743B-BE90-4785-9757-181B4BED9BBB}.Default|Any CPU.Build.0 = Debug|Any CPU
		{54D0743B-BE90-4785-9757-181B4BED9BBB}.Release|Any CPU.ActiveCfg = Release|Any CPU
		{54D0743B-BE90-4785-9757-181B4BED9BBB}.Release|Any CPU.Build.0 = Release|Any CPU
		{172DC0C4-1713-4A5A-B4CA-446D61F5063D}.Debug|Any CPU.ActiveCfg = Debug|Any CPU
		{172DC0C4-1713-4A5A-B4CA-446D61F5063D}.Debug|Any CPU.Build.0 = Debug|Any CPU
		{172DC0C4-1713-4A5A-B4CA-446D61F5063D}.Default|Any CPU.ActiveCfg = Debug|Any CPU
		{172DC0C4-1713-4A5A-B4CA-446D61F5063D}.Default|Any CPU.Build.0 = Debug|Any CPU
		{172DC0C4-1713-4A5A-B4CA-446D61F5063D}.Release|Any CPU.ActiveCfg = Release|Any CPU
		{172DC0C4-1713-4A5A-B4CA-446D61F5063D}.Release|Any CPU.Build.0 = Release|Any CPU
		{853F70C5-E777-4C3B-84B0-B13A14F05F58}.Debug|Any CPU.ActiveCfg = Debug|Any CPU
		{853F70C5-E777-4C3B-84B0-B13A14F05F58}.Debug|Any CPU.Build.0 = Debug|Any CPU
		{853F70C5-E777-4C3B-84B0-B13A14F05F58}.Default|Any CPU.ActiveCfg = Debug|Any CPU
		{853F70C5-E777-4C3B-84B0-B13A14F05F58}.Default|Any CPU.Build.0 = Debug|Any CPU
		{853F70C5-E777-4C3B-84B0-B13A14F05F58}.Release|Any CPU.ActiveCfg = Release|Any CPU
		{853F70C5-E777-4C3B-84B0-B13A14F05F58}.Release|Any CPU.Build.0 = Release|Any CPU
	EndGlobalSection
	GlobalSection(SolutionProperties) = preSolution
		HideSolutionNode = FALSE
	EndGlobalSection
	GlobalSection(NestedProjects) = preSolution
		{853F70C5-E777-4C3B-84B0-B13A14F05F58} = {8FAE07CE-0D3C-42FB-8861-4BA96F38D65B}
	EndGlobalSection
	GlobalSection(ExtensibilityGlobals) = postSolution
		SolutionGuid = {74CFF6EA-9E23-4840-9F40-8CBF8F9C8780}
	EndGlobalSection
	GlobalSection(MonoDevelopProperties) = preSolution
		BaseDirectory = Unit1-TempExceptions
	EndGlobalSection
EndGlobal
